// !$*UTF8*$!
{
	archiveVersion = 1;
	classes = {
	};
	objectVersion = 56;
	objects = {

/* Begin PBXBuildFile section */
		C168BA472BE43BF800DD99C8 /* MapView.swift in Sources */ = {isa = PBXBuildFile; fileRef = C168BA462BE43BF800DD99C8 /* MapView.swift */; };
		C168BA492BE43C1A00DD99C8 /* GalleryView.swift in Sources */ = {isa = PBXBuildFile; fileRef = C168BA482BE43C1A00DD99C8 /* GalleryView.swift */; };
		C168BA4B2BE43C3A00DD99C8 /* VideoListView.swift in Sources */ = {isa = PBXBuildFile; fileRef = C168BA4A2BE43C3A00DD99C8 /* VideoListView.swift */; };
		C168BA4D2BE43C5C00DD99C8 /* MainView.swift in Sources */ = {isa = PBXBuildFile; fileRef = C168BA4C2BE43C5C00DD99C8 /* MainView.swift */; };
		C1BC0EDA2BE3D5E10018DA32 /* African_AnimalsApp.swift in Sources */ = {isa = PBXBuildFile; fileRef = C1BC0ED92BE3D5E10018DA32 /* African_AnimalsApp.swift */; };
		C1BC0EDC2BE3D5E10018DA32 /* ContentView.swift in Sources */ = {isa = PBXBuildFile; fileRef = C1BC0EDB2BE3D5E10018DA32 /* ContentView.swift */; };
		C1BC0EDE2BE3D5E20018DA32 /* Assets.xcassets in Resources */ = {isa = PBXBuildFile; fileRef = C1BC0EDD2BE3D5E20018DA32 /* Assets.xcassets */; };
		C1BC0EE12BE3D5E20018DA32 /* Preview Assets.xcassets in Resources */ = {isa = PBXBuildFile; fileRef = C1BC0EE02BE3D5E20018DA32 /* Preview Assets.xcassets */; };
		C1BC0EF22BE3DB0C0018DA32 /* lioness.mp4 in Resources */ = {isa = PBXBuildFile; fileRef = C1BC0EE82BE3DB0C0018DA32 /* lioness.mp4 */; };
		C1BC0EF32BE3DB0C0018DA32 /* hippo.mp4 in Resources */ = {isa = PBXBuildFile; fileRef = C1BC0EE92BE3DB0C0018DA32 /* hippo.mp4 */; };
		C1BC0EF42BE3DB0C0018DA32 /* ostrich.mp4 in Resources */ = {isa = PBXBuildFile; fileRef = C1BC0EEA2BE3DB0C0018DA32 /* ostrich.mp4 */; };
		C1BC0EF52BE3DB0C0018DA32 /* zebra.mp4 in Resources */ = {isa = PBXBuildFile; fileRef = C1BC0EEB2BE3DB0C0018DA32 /* zebra.mp4 */; };
		C1BC0EF62BE3DB0C0018DA32 /* elephant.mp4 in Resources */ = {isa = PBXBuildFile; fileRef = C1BC0EEC2BE3DB0C0018DA32 /* elephant.mp4 */; };
		C1BC0EF72BE3DB0C0018DA32 /* giraffe.mp4 in Resources */ = {isa = PBXBuildFile; fileRef = C1BC0EED2BE3DB0C0018DA32 /* giraffe.mp4 */; };
		C1BC0EF82BE3DB0C0018DA32 /* cheetah.mp4 in Resources */ = {isa = PBXBuildFile; fileRef = C1BC0EEE2BE3DB0C0018DA32 /* cheetah.mp4 */; };
		C1BC0EF92BE3DB0C0018DA32 /* gorilla.mp4 in Resources */ = {isa = PBXBuildFile; fileRef = C1BC0EEF2BE3DB0C0018DA32 /* gorilla.mp4 */; };
		C1BC0EFA2BE3DB0C0018DA32 /* lion.mp4 in Resources */ = {isa = PBXBuildFile; fileRef = C1BC0EF02BE3DB0C0018DA32 /* lion.mp4 */; };
		C1BC0EFB2BE3DB0C0018DA32 /* rhino.mp4 in Resources */ = {isa = PBXBuildFile; fileRef = C1BC0EF12BE3DB0C0018DA32 /* rhino.mp4 */; };
		C1BC0F012BE3DB5A0018DA32 /* videos.json in Resources */ = {isa = PBXBuildFile; fileRef = C1BC0EFD2BE3DB5A0018DA32 /* videos.json */; };
		C1BC0F022BE3DB5A0018DA32 /* locations.json in Resources */ = {isa = PBXBuildFile; fileRef = C1BC0EFE2BE3DB5A0018DA32 /* locations.json */; };
		C1BC0F032BE3DB5A0018DA32 /* covers.json in Resources */ = {isa = PBXBuildFile; fileRef = C1BC0EFF2BE3DB5A0018DA32 /* covers.json */; };
		C1BC0F042BE3DB5A0018DA32 /* animals.json in Resources */ = {isa = PBXBuildFile; fileRef = C1BC0F002BE3DB5A0018DA32 /* animals.json */; };
/* End PBXBuildFile section */

/* Begin PBXFileReference section */
		C168BA462BE43BF800DD99C8 /* MapView.swift */ = {isa = PBXFileReference; lastKnownFileType = sourcecode.swift; path = MapView.swift; sourceTree = "<group>"; };
		C168BA482BE43C1A00DD99C8 /* GalleryView.swift */ = {isa = PBXFileReference; lastKnownFileType = sourcecode.swift; path = GalleryView.swift; sourceTree = "<group>"; };
		C168BA4A2BE43C3A00DD99C8 /* VideoListView.swift */ = {isa = PBXFileReference; lastKnownFileType = sourcecode.swift; path = VideoListView.swift; sourceTree = "<group>"; };
		C168BA4C2BE43C5C00DD99C8 /* MainView.swift */ = {isa = PBXFileReference; lastKnownFileType = sourcecode.swift; path = MainView.swift; sourceTree = "<group>"; };
		C1BC0ED62BE3D5E10018DA32 /* African Animals.app */ = {isa = PBXFileReference; explicitFileType = wrapper.application; includeInIndex = 0; path = "African Animals.app"; sourceTree = BUILT_PRODUCTS_DIR; };
		C1BC0ED92BE3D5E10018DA32 /* African_AnimalsApp.swift */ = {isa = PBXFileReference; lastKnownFileType = sourcecode.swift; path = African_AnimalsApp.swift; sourceTree = "<group>"; };
		C1BC0EDB2BE3D5E10018DA32 /* ContentView.swift */ = {isa = PBXFileReference; lastKnownFileType = sourcecode.swift; path = ContentView.swift; sourceTree = "<group>"; };
		C1BC0EDD2BE3D5E20018DA32 /* Assets.xcassets */ = {isa = PBXFileReference; lastKnownFileType = folder.assetcatalog; path = Assets.xcassets; sourceTree = "<group>"; };
		C1BC0EE02BE3D5E20018DA32 /* Preview Assets.xcassets */ = {isa = PBXFileReference; lastKnownFileType = folder.assetcatalog; path = "Preview Assets.xcassets"; sourceTree = "<group>"; };
		C1BC0EE82BE3DB0C0018DA32 /* lioness.mp4 */ = {isa = PBXFileReference; lastKnownFileType = file; path = lioness.mp4; sourceTree = "<group>"; };
		C1BC0EE92BE3DB0C0018DA32 /* hippo.mp4 */ = {isa = PBXFileReference; lastKnownFileType = file; path = hippo.mp4; sourceTree = "<group>"; };
		C1BC0EEA2BE3DB0C0018DA32 /* ostrich.mp4 */ = {isa = PBXFileReference; lastKnownFileType = file; path = ostrich.mp4; sourceTree = "<group>"; };
		C1BC0EEB2BE3DB0C0018DA32 /* zebra.mp4 */ = {isa = PBXFileReference; lastKnownFileType = file; path = zebra.mp4; sourceTree = "<group>"; };
		C1BC0EEC2BE3DB0C0018DA32 /* elephant.mp4 */ = {isa = PBXFileReference; lastKnownFileType = file; path = elephant.mp4; sourceTree = "<group>"; };
		C1BC0EED2BE3DB0C0018DA32 /* giraffe.mp4 */ = {isa = PBXFileReference; lastKnownFileType = file; path = giraffe.mp4; sourceTree = "<group>"; };
		C1BC0EEE2BE3DB0C0018DA32 /* cheetah.mp4 */ = {isa = PBXFileReference; lastKnownFileType = file; path = cheetah.mp4; sourceTree = "<group>"; };
		C1BC0EEF2BE3DB0C0018DA32 /* gorilla.mp4 */ = {isa = PBXFileReference; lastKnownFileType = file; path = gorilla.mp4; sourceTree = "<group>"; };
		C1BC0EF02BE3DB0C0018DA32 /* lion.mp4 */ = {isa = PBXFileReference; lastKnownFileType = file; path = lion.mp4; sourceTree = "<group>"; };
		C1BC0EF12BE3DB0C0018DA32 /* rhino.mp4 */ = {isa = PBXFileReference; lastKnownFileType = file; path = rhino.mp4; sourceTree = "<group>"; };
		C1BC0EFD2BE3DB5A0018DA32 /* videos.json */ = {isa = PBXFileReference; fileEncoding = 4; lastKnownFileType = text.json; path = videos.json; sourceTree = "<group>"; };
		C1BC0EFE2BE3DB5A0018DA32 /* locations.json */ = {isa = PBXFileReference; fileEncoding = 4; lastKnownFileType = text.json; path = locations.json; sourceTree = "<group>"; };
		C1BC0EFF2BE3DB5A0018DA32 /* covers.json */ = {isa = PBXFileReference; fileEncoding = 4; lastKnownFileType = text.json; path = covers.json; sourceTree = "<group>"; };
		C1BC0F002BE3DB5A0018DA32 /* animals.json */ = {isa = PBXFileReference; fileEncoding = 4; lastKnownFileType = text.json; path = animals.json; sourceTree = "<group>"; };
		C1BC0F052BE3DC790018DA32 /* African-Animals-Info.plist */ = {isa = PBXFileReference; lastKnownFileType = text.plist; path = "African-Animals-Info.plist"; sourceTree = SOURCE_ROOT; };
/* End PBXFileReference section */

/* Begin PBXFrameworksBuildPhase section */
		C1BC0ED32BE3D5E10018DA32 /* Frameworks */ = {
			isa = PBXFrameworksBuildPhase;
			buildActionMask = 2147483647;
			files = (
			);
			runOnlyForDeploymentPostprocessing = 0;
		};
/* End PBXFrameworksBuildPhase section */

/* Begin PBXGroup section */
		C168BA452BE43B4D00DD99C8 /* App */ = {
			isa = PBXGroup;
			children = (
				C1BC0ED92BE3D5E10018DA32 /* African_AnimalsApp.swift */,
				C1BC0EDB2BE3D5E10018DA32 /* ContentView.swift */,
				C168BA462BE43BF800DD99C8 /* MapView.swift */,
				C168BA482BE43C1A00DD99C8 /* GalleryView.swift */,
				C168BA4A2BE43C3A00DD99C8 /* VideoListView.swift */,
				C168BA4C2BE43C5C00DD99C8 /* MainView.swift */,
			);
			path = App;
			sourceTree = "<group>";
		};
		C1BC0ECD2BE3D5E00018DA32 = {
			isa = PBXGroup;
			children = (
				C1BC0ED82BE3D5E10018DA32 /* African Animals */,
				C1BC0ED72BE3D5E10018DA32 /* Products */,
			);
			sourceTree = "<group>";
		};
		C1BC0ED72BE3D5E10018DA32 /* Products */ = {
			isa = PBXGroup;
			children = (
				C1BC0ED62BE3D5E10018DA32 /* African Animals.app */,
			);
			name = Products;
			sourceTree = "<group>";
		};
		C1BC0ED82BE3D5E10018DA32 /* African Animals */ = {
			isa = PBXGroup;
			children = (
				C1BC0F052BE3DC790018DA32 /* African-Animals-Info.plist */,
				C1BC0EFC2BE3DB370018DA32 /* Data */,
				C1BC0EE72BE3DAB90018DA32 /* Video */,
				C168BA452BE43B4D00DD99C8 /* App */,
				C1BC0EDD2BE3D5E20018DA32 /* Assets.xcassets */,
				C1BC0EDF2BE3D5E20018DA32 /* Preview Content */,
			);
			path = "African Animals";
			sourceTree = "<group>";
		};
		C1BC0EDF2BE3D5E20018DA32 /* Preview Content */ = {
			isa = PBXGroup;
			children = (
				C1BC0EE02BE3D5E20018DA32 /* Preview Assets.xcassets */,
			);
			path = "Preview Content";
			sourceTree = "<group>";
		};
		C1BC0EE72BE3DAB90018DA32 /* Video */ = {
			isa = PBXGroup;
			children = (
				C1BC0EEE2BE3DB0C0018DA32 /* cheetah.mp4 */,
				C1BC0EEC2BE3DB0C0018DA32 /* elephant.mp4 */,
				C1BC0EED2BE3DB0C0018DA32 /* giraffe.mp4 */,
				C1BC0EEF2BE3DB0C0018DA32 /* gorilla.mp4 */,
				C1BC0EE92BE3DB0C0018DA32 /* hippo.mp4 */,
				C1BC0EF02BE3DB0C0018DA32 /* lion.mp4 */,
				C1BC0EE82BE3DB0C0018DA32 /* lioness.mp4 */,
				C1BC0EEA2BE3DB0C0018DA32 /* ostrich.mp4 */,
				C1BC0EF12BE3DB0C0018DA32 /* rhino.mp4 */,
				C1BC0EEB2BE3DB0C0018DA32 /* zebra.mp4 */,
			);
			path = Video;
			sourceTree = "<group>";
		};
		C1BC0EFC2BE3DB370018DA32 /* Data */ = {
			isa = PBXGroup;
			children = (
				C1BC0F002BE3DB5A0018DA32 /* animals.json */,
				C1BC0EFF2BE3DB5A0018DA32 /* covers.json */,
				C1BC0EFE2BE3DB5A0018DA32 /* locations.json */,
				C1BC0EFD2BE3DB5A0018DA32 /* videos.json */,
			);
			path = Data;
			sourceTree = "<group>";
		};
/* End PBXGroup section */

/* Begin PBXNativeTarget section */
		C1BC0ED52BE3D5E10018DA32 /* African Animals */ = {
			isa = PBXNativeTarget;
			buildConfigurationList = C1BC0EE42BE3D5E20018DA32 /* Build configuration list for PBXNativeTarget "African Animals" */;
			buildPhases = (
				C1BC0ED22BE3D5E10018DA32 /* Sources */,
				C1BC0ED32BE3D5E10018DA32 /* Frameworks */,
				C1BC0ED42BE3D5E10018DA32 /* Resources */,
			);
			buildRules = (
			);
			dependencies = (
			);
			name = "African Animals";
			productName = "African Animals";
			productReference = C1BC0ED62BE3D5E10018DA32 /* African Animals.app */;
			productType = "com.apple.product-type.application";
		};
/* End PBXNativeTarget section */

/* Begin PBXProject section */
		C1BC0ECE2BE3D5E00018DA32 /* Project object */ = {
			isa = PBXProject;
			attributes = {
				BuildIndependentTargetsInParallel = 1;
				LastSwiftUpdateCheck = 1430;
				LastUpgradeCheck = 1430;
				TargetAttributes = {
					C1BC0ED52BE3D5E10018DA32 = {
						CreatedOnToolsVersion = 14.3.1;
					};
				};
			};
			buildConfigurationList = C1BC0ED12BE3D5E00018DA32 /* Build configuration list for PBXProject "African Animals" */;
			compatibilityVersion = "Xcode 14.0";
			developmentRegion = en;
			hasScannedForEncodings = 0;
			knownRegions = (
				en,
				Base,
			);
			mainGroup = C1BC0ECD2BE3D5E00018DA32;
			productRefGroup = C1BC0ED72BE3D5E10018DA32 /* Products */;
			projectDirPath = "";
			projectRoot = "";
			targets = (
				C1BC0ED52BE3D5E10018DA32 /* African Animals */,
			);
		};
/* End PBXProject section */

/* Begin PBXResourcesBuildPhase section */
		C1BC0ED42BE3D5E10018DA32 /* Resources */ = {
			isa = PBXResourcesBuildPhase;
			buildActionMask = 2147483647;
			files = (
				C1BC0F022BE3DB5A0018DA32 /* locations.json in Resources */,
				C1BC0EFB2BE3DB0C0018DA32 /* rhino.mp4 in Resources */,
				C1BC0EF32BE3DB0C0018DA32 /* hippo.mp4 in Resources */,
				C1BC0EE12BE3D5E20018DA32 /* Preview Assets.xcassets in Resources */,
				C1BC0EF92BE3DB0C0018DA32 /* gorilla.mp4 in Resources */,
				C1BC0F012BE3DB5A0018DA32 /* videos.json in Resources */,
				C1BC0EDE2BE3D5E20018DA32 /* Assets.xcassets in Resources */,
				C1BC0EF42BE3DB0C0018DA32 /* ostrich.mp4 in Resources */,
				C1BC0EF62BE3DB0C0018DA32 /* elephant.mp4 in Resources */,
				C1BC0F042BE3DB5A0018DA32 /* animals.json in Resources */,
				C1BC0EF52BE3DB0C0018DA32 /* zebra.mp4 in Resources */,
				C1BC0F032BE3DB5A0018DA32 /* covers.json in Resources */,
				C1BC0EF72BE3DB0C0018DA32 /* giraffe.mp4 in Resources */,
				C1BC0EFA2BE3DB0C0018DA32 /* lion.mp4 in Resources */,
				C1BC0EF22BE3DB0C0018DA32 /* lioness.mp4 in Resources */,
				C1BC0EF82BE3DB0C0018DA32 /* cheetah.mp4 in Resources */,
			);
			runOnlyForDeploymentPostprocessing = 0;
		};
/* End PBXResourcesBuildPhase section */

/* Begin PBXSourcesBuildPhase section */
		C1BC0ED22BE3D5E10018DA32 /* Sources */ = {
			isa = PBXSourcesBuildPhase;
			buildActionMask = 2147483647;
			files = (
				C168BA4B2BE43C3A00DD99C8 /* VideoListView.swift in Sources */,
				C168BA4D2BE43C5C00DD99C8 /* MainView.swift in Sources */,
				C1BC0EDC2BE3D5E10018DA32 /* ContentView.swift in Sources */,
				C168BA472BE43BF800DD99C8 /* MapView.swift in Sources */,
				C1BC0EDA2BE3D5E10018DA32 /* African_AnimalsApp.swift in Sources */,
				C168BA492BE43C1A00DD99C8 /* GalleryView.swift in Sources */,
			);
			runOnlyForDeploymentPostprocessing = 0;
		};
/* End PBXSourcesBuildPhase section */

/* Begin XCBuildConfiguration section */
		C1BC0EE22BE3D5E20018DA32 /* Debug */ = {
			isa = XCBuildConfiguration;
			buildSettings = {
				ALWAYS_SEARCH_USER_PATHS = NO;
				CLANG_ANALYZER_NONNULL = YES;
				CLANG_ANALYZER_NUMBER_OBJECT_CONVERSION = YES_AGGRESSIVE;
				CLANG_CXX_LANGUAGE_STANDARD = "gnu++20";
				CLANG_ENABLE_MODULES = YES;
				CLANG_ENABLE_OBJC_ARC = YES;
				CLANG_ENABLE_OBJC_WEAK = YES;
				CLANG_WARN_BLOCK_CAPTURE_AUTORELEASING = YES;
				CLANG_WARN_BOOL_CONVERSION = YES;
				CLANG_WARN_COMMA = YES;
				CLANG_WARN_CONSTANT_CONVERSION = YES;
				CLANG_WARN_DEPRECATED_OBJC_IMPLEMENTATIONS = YES;
				CLANG_WARN_DIRECT_OBJC_ISA_USAGE = YES_ERROR;
				CLANG_WARN_DOCUMENTATION_COMMENTS = YES;
				CLANG_WARN_EMPTY_BODY = YES;
				CLANG_WARN_ENUM_CONVERSION = YES;
				CLANG_WARN_INFINITE_RECURSION = YES;
				CLANG_WARN_INT_CONVERSION = YES;
				CLANG_WARN_NON_LITERAL_NULL_CONVERSION = YES;
				CLANG_WARN_OBJC_IMPLICIT_RETAIN_SELF = YES;
				CLANG_WARN_OBJC_LITERAL_CONVERSION = YES;
				CLANG_WARN_OBJC_ROOT_CLASS = YES_ERROR;
				CLANG_WARN_QUOTED_INCLUDE_IN_FRAMEWORK_HEADER = YES;
				CLANG_WARN_RANGE_LOOP_ANALYSIS = YES;
				CLANG_WARN_STRICT_PROTOTYPES = YES;
				CLANG_WARN_SUSPICIOUS_MOVE = YES;
				CLANG_WARN_UNGUARDED_AVAILABILITY = YES_AGGRESSIVE;
				CLANG_WARN_UNREACHABLE_CODE = YES;
				CLANG_WARN__DUPLICATE_METHOD_MATCH = YES;
				COPY_PHASE_STRIP = NO;
				DEBUG_INFORMATION_FORMAT = dwarf;
				ENABLE_STRICT_OBJC_MSGSEND = YES;
				ENABLE_TESTABILITY = YES;
				GCC_C_LANGUAGE_STANDARD = gnu11;
				GCC_DYNAMIC_NO_PIC = NO;
				GCC_NO_COMMON_BLOCKS = YES;
				GCC_OPTIMIZATION_LEVEL = 0;
				GCC_PREPROCESSOR_DEFINITIONS = (
					"DEBUG=1",
					"$(inherited)",
				);
				GCC_WARN_64_TO_32_BIT_CONVERSION = YES;
				GCC_WARN_ABOUT_RETURN_TYPE = YES_ERROR;
				GCC_WARN_UNDECLARED_SELECTOR = YES;
				GCC_WARN_UNINITIALIZED_AUTOS = YES_AGGRESSIVE;
				GCC_WARN_UNUSED_FUNCTION = YES;
				GCC_WARN_UNUSED_VARIABLE = YES;
				IPHONEOS_DEPLOYMENT_TARGET = 16.4;
				MTL_ENABLE_DEBUG_INFO = INCLUDE_SOURCE;
				MTL_FAST_MATH = YES;
				ONLY_ACTIVE_ARCH = YES;
				SDKROOT = iphoneos;
				SWIFT_ACTIVE_COMPILATION_CONDITIONS = DEBUG;
				SWIFT_OPTIMIZATION_LEVEL = "-Onone";
			};
			name = Debug;
		};
		C1BC0EE32BE3D5E20018DA32 /* Release */ = {
			isa = XCBuildConfiguration;
			buildSettings = {
				ALWAYS_SEARCH_USER_PATHS = NO;
				CLANG_ANALYZER_NONNULL = YES;
				CLANG_ANALYZER_NUMBER_OBJECT_CONVERSION = YES_AGGRESSIVE;
				CLANG_CXX_LANGUAGE_STANDARD = "gnu++20";
				CLANG_ENABLE_MODULES = YES;
				CLANG_ENABLE_OBJC_ARC = YES;
				CLANG_ENABLE_OBJC_WEAK = YES;
				CLANG_WARN_BLOCK_CAPTURE_AUTORELEASING = YES;
				CLANG_WARN_BOOL_CONVERSION = YES;
				CLANG_WARN_COMMA = YES;
				CLANG_WARN_CONSTANT_CONVERSION = YES;
				CLANG_WARN_DEPRECATED_OBJC_IMPLEMENTATIONS = YES;
				CLANG_WARN_DIRECT_OBJC_ISA_USAGE = YES_ERROR;
				CLANG_WARN_DOCUMENTATION_COMMENTS = YES;
				CLANG_WARN_EMPTY_BODY = YES;
				CLANG_WARN_ENUM_CONVERSION = YES;
				CLANG_WARN_INFINITE_RECURSION = YES;
				CLANG_WARN_INT_CONVERSION = YES;
				CLANG_WARN_NON_LITERAL_NULL_CONVERSION = YES;
				CLANG_WARN_OBJC_IMPLICIT_RETAIN_SELF = YES;
				CLANG_WARN_OBJC_LITERAL_CONVERSION = YES;
				CLANG_WARN_OBJC_ROOT_CLASS = YES_ERROR;
				CLANG_WARN_QUOTED_INCLUDE_IN_FRAMEWORK_HEADER = YES;
				CLANG_WARN_RANGE_LOOP_ANALYSIS = YES;
				CLANG_WARN_STRICT_PROTOTYPES = YES;
				CLANG_WARN_SUSPICIOUS_MOVE = YES;
				CLANG_WARN_UNGUARDED_AVAILABILITY = YES_AGGRESSIVE;
				CLANG_WARN_UNREACHABLE_CODE = YES;
				CLANG_WARN__DUPLICATE_METHOD_MATCH = YES;
				COPY_PHASE_STRIP = NO;
				DEBUG_INFORMATION_FORMAT = "dwarf-with-dsym";
				ENABLE_NS_ASSERTIONS = NO;
				ENABLE_STRICT_OBJC_MSGSEND = YES;
				GCC_C_LANGUAGE_STANDARD = gnu11;
				GCC_NO_COMMON_BLOCKS = YES;
				GCC_WARN_64_TO_32_BIT_CONVERSION = YES;
				GCC_WARN_ABOUT_RETURN_TYPE = YES_ERROR;
				GCC_WARN_UNDECLARED_SELECTOR = YES;
				GCC_WARN_UNINITIALIZED_AUTOS = YES_AGGRESSIVE;
				GCC_WARN_UNUSED_FUNCTION = YES;
				GCC_WARN_UNUSED_VARIABLE = YES;
				IPHONEOS_DEPLOYMENT_TARGET = 16.4;
				MTL_ENABLE_DEBUG_INFO = NO;
				MTL_FAST_MATH = YES;
				SDKROOT = iphoneos;
				SWIFT_COMPILATION_MODE = wholemodule;
				SWIFT_OPTIMIZATION_LEVEL = "-O";
				VALIDATE_PRODUCT = YES;
			};
			name = Release;
		};
		C1BC0EE52BE3D5E20018DA32 /* Debug */ = {
			isa = XCBuildConfiguration;
			buildSettings = {
				ASSETCATALOG_COMPILER_APPICON_NAME = AppIcon;
				ASSETCATALOG_COMPILER_GLOBAL_ACCENT_COLOR_NAME = AccentColor;
				CODE_SIGN_STYLE = Automatic;
				CURRENT_PROJECT_VERSION = 1;
				DEVELOPMENT_ASSET_PATHS = "\"African Animals/Preview Content\"";
				DEVELOPMENT_TEAM = TGLPB64TBB;
				ENABLE_PREVIEWS = YES;
				GENERATE_INFOPLIST_FILE = YES;
				INFOPLIST_FILE = "African-Animals-Info.plist";
				INFOPLIST_KEY_LSApplicationCategoryType = "";
				INFOPLIST_KEY_UIApplicationSceneManifest_Generation = YES;
				INFOPLIST_KEY_UIApplicationSupportsIndirectInputEvents = YES;
				INFOPLIST_KEY_UISupportedInterfaceOrientations_iPad = "UIInterfaceOrientationPortrait UIInterfaceOrientationPortraitUpsideDown UIInterfaceOrientationLandscapeLeft UIInterfaceOrientationLandscapeRight";
				INFOPLIST_KEY_UISupportedInterfaceOrientations_iPhone = "UIInterfaceOrientationPortrait UIInterfaceOrientationLandscapeLeft UIInterfaceOrientationLandscapeRight";
				INFOPLIST_KEY_UIUserInterfaceStyle = Dark;
				LD_RUNPATH_SEARCH_PATHS = (
					"$(inherited)",
					"@executable_path/Frameworks",
				);
				MARKETING_VERSION = 1.0;
				PRODUCT_BUNDLE_IDENTIFIER = "inc.sims.hustles.African-Animals";
				PRODUCT_NAME = "$(TARGET_NAME)";
				SWIFT_EMIT_LOC_STRINGS = YES;
				SWIFT_VERSION = 5.0;
				TARGETED_DEVICE_FAMILY = "1,2";
			};
			name = Debug;
		};
		C1BC0EE62BE3D5E20018DA32 /* Release */ = {
			isa = XCBuildConfiguration;
			buildSettings = {
				ASSETCATALOG_COMPILER_APPICON_NAME = AppIcon;
				ASSETCATALOG_COMPILER_GLOBAL_ACCENT_COLOR_NAME = AccentColor;
				CODE_SIGN_STYLE = Automatic;
				CURRENT_PROJECT_VERSION = 1;
				DEVELOPMENT_ASSET_PATHS = "\"African Animals/Preview Content\"";
				DEVELOPMENT_TEAM = TGLPB64TBB;
				ENABLE_PREVIEWS = YES;
				GENERATE_INFOPLIST_FILE = YES;
				INFOPLIST_FILE = "African-Animals-Info.plist";
				INFOPLIST_KEY_LSApplicationCategoryType = "";
				INFOPLIST_KEY_UIApplicationSceneManifest_Generation = YES;
				INFOPLIST_KEY_UIApplicationSupportsIndirectInputEvents = YES;
				INFOPLIST_KEY_UISupportedInterfaceOrientations_iPad = "UIInterfaceOrientationPortrait UIInterfaceOrientationPortraitUpsideDown UIInterfaceOrientationLandscapeLeft UIInterfaceOrientationLandscapeRight";
				INFOPLIST_KEY_UISupportedInterfaceOrientations_iPhone = "UIInterfaceOrientationPortrait UIInterfaceOrientationLandscapeLeft UIInterfaceOrientationLandscapeRight";
				INFOPLIST_KEY_UIUserInterfaceStyle = Dark;
				LD_RUNPATH_SEARCH_PATHS = (
					"$(inherited)",
					"@executable_path/Frameworks",
				);
				MARKETING_VERSION = 1.0;
				PRODUCT_BUNDLE_IDENTIFIER = "inc.sims.hustles.African-Animals";
				PRODUCT_NAME = "$(TARGET_NAME)";
				SWIFT_EMIT_LOC_STRINGS = YES;
				SWIFT_VERSION = 5.0;
				TARGETED_DEVICE_FAMILY = "1,2";
			};
			name = Release;
		};
/* End XCBuildConfiguration section */

/* Begin XCConfigurationList section */
		C1BC0ED12BE3D5E00018DA32 /* Build configuration list for PBXProject "African Animals" */ = {
			isa = XCConfigurationList;
			buildConfigurations = (
				C1BC0EE22BE3D5E20018DA32 /* Debug */,
				C1BC0EE32BE3D5E20018DA32 /* Release */,
			);
			defaultConfigurationIsVisible = 0;
			defaultConfigurationName = Release;
		};
		C1BC0EE42BE3D5E20018DA32 /* Build configuration list for PBXNativeTarget "African Animals" */ = {
			isa = XCConfigurationList;
			buildConfigurations = (
				C1BC0EE52BE3D5E20018DA32 /* Debug */,
				C1BC0EE62BE3D5E20018DA32 /* Release */,
			);
			defaultConfigurationIsVisible = 0;
			defaultConfigurationName = Release;
		};
/* End XCConfigurationList section */
	};
	rootObject = C1BC0ECE2BE3D5E00018DA32 /* Project object */;
}
